
Microsoft Visual Studio Solution File, Format Version 12.00
# Visual Studio Version 17
VisualStudioVersion = 17.7.34202.233
MinimumVisualStudioVersion = 10.0.40219.1
Project("{8BC9CEB8-8B4A-11D0-8D11-00A0C91BC942}") = "Common", "Common\Common.vcxproj", "{4CA8DF6A-4F5D-4F44-A590-43D541AD684E}"
EndProject
Project("{8BC9CEB8-8B4A-11D0-8D11-00A0C91BC942}") = "01_imgui", "01_imgui\01_imgui.vcxproj", "{5A57DC81-724C-424A-8379-DDF4AF4BE011}"
EndProject
Project("{8BC9CEB8-8B4A-11D0-8D11-00A0C91BC942}") = "01_LambertLight", "01_LambertLight\01_LambertLight.vcxproj", "{EE1FF52A-6533-4382-8234-3BEEE012E05E}"
EndProject
Project("{8BC9CEB8-8B4A-11D0-8D11-00A0C91BC942}") = "02_BlinnPhongLight", "02_BlinnPhongLight\02_BlinnPhongLight.vcxproj", "{438C9ADD-E6D4-4EEE-BE1A-CB4080096E39}"
EndProject
Project("{8BC9CEB8-8B4A-11D0-8D11-00A0C91BC942}") = "03_NormalMapping", "03_NormalMapping\03_NormalMapping.vcxproj", "{DC7EC492-1338-45FF-BB02-ED3A0072E045}"
EndProject
Project("{8BC9CEB8-8B4A-11D0-8D11-00A0C91BC942}") = "04_SpecularMapping", "04_SpecularMapping\04_SpecularMapping.vcxproj", "{729C8F57-1859-4188-9B2A-98E7A4AF4D13}"
EndProject
Project("{8BC9CEB8-8B4A-11D0-8D11-00A0C91BC942}") = "05_FBXLoading", "05_FBXLoading\05_FBXLoading.vcxproj", "{7BF43943-92B4-4D16-8775-D21889D10176}"
EndProject
Project("{8BC9CEB8-8B4A-11D0-8D11-00A0C91BC942}") = "06_FBXTransformAnimation", "06_FBXTransformAnimation\06_FBXTransformAnimation.vcxproj", "{D7F3B4CD-1379-41BB-B3C4-5865DFD63C65}"
EndProject
Project("{8BC9CEB8-8B4A-11D0-8D11-00A0C91BC942}") = "07_FBXSkinningAnimation", "07_FBXSkinningAnimation\07_FBXSkinningAnimation.vcxproj", "{8854444A-C4FA-4B82-94BA-18EE4862673A}"
EndProject
Project("{8BC9CEB8-8B4A-11D0-8D11-00A0C91BC942}") = "SimpleTexturedDirectx11", "SimpleTexturedDirectx11\SimpleTexturedDirectx11.vcxproj", "{340832BA-8F69-4C24-B753-0A76C2798691}"
EndProject
Project("{8BC9CEB8-8B4A-11D0-8D11-00A0C91BC942}") = "TestCode", "TestCode\TestCode.vcxproj", "{E3AFA2F0-1A39-4A5A-9525-FDFA445A2F94}"
EndProject
Global
	GlobalSection(SolutionConfigurationPlatforms) = preSolution
		Debug|x64 = Debug|x64
		Debug|x86 = Debug|x86
		Release|x64 = Release|x64
		Release|x86 = Release|x86
	EndGlobalSection
	GlobalSection(ProjectConfigurationPlatforms) = postSolution
		{4CA8DF6A-4F5D-4F44-A590-43D541AD684E}.Debug|x64.ActiveCfg = Debug|x64
		{4CA8DF6A-4F5D-4F44-A590-43D541AD684E}.Debug|x64.Build.0 = Debug|x64
		{4CA8DF6A-4F5D-4F44-A590-43D541AD684E}.Debug|x86.ActiveCfg = Debug|Win32
		{4CA8DF6A-4F5D-4F44-A590-43D541AD684E}.Debug|x86.Build.0 = Debug|Win32
		{4CA8DF6A-4F5D-4F44-A590-43D541AD684E}.Release|x64.ActiveCfg = Release|x64
		{4CA8DF6A-4F5D-4F44-A590-43D541AD684E}.Release|x64.Build.0 = Release|x64
		{4CA8DF6A-4F5D-4F44-A590-43D541AD684E}.Release|x86.ActiveCfg = Release|Win32
		{4CA8DF6A-4F5D-4F44-A590-43D541AD684E}.Release|x86.Build.0 = Release|Win32
		{5A57DC81-724C-424A-8379-DDF4AF4BE011}.Debug|x64.ActiveCfg = Debug|x64
		{5A57DC81-724C-424A-8379-DDF4AF4BE011}.Debug|x64.Build.0 = Debug|x64
		{5A57DC81-724C-424A-8379-DDF4AF4BE011}.Debug|x86.ActiveCfg = Debug|Win32
		{5A57DC81-724C-424A-8379-DDF4AF4BE011}.Debug|x86.Build.0 = Debug|Win32
		{5A57DC81-724C-424A-8379-DDF4AF4BE011}.Release|x64.ActiveCfg = Release|x64
		{5A57DC81-724C-424A-8379-DDF4AF4BE011}.Release|x64.Build.0 = Release|x64
		{5A57DC81-724C-424A-8379-DDF4AF4BE011}.Release|x86.ActiveCfg = Release|Win32
		{5A57DC81-724C-424A-8379-DDF4AF4BE011}.Release|x86.Build.0 = Release|Win32
		{EE1FF52A-6533-4382-8234-3BEEE012E05E}.Debug|x64.ActiveCfg = Debug|x64
		{EE1FF52A-6533-4382-8234-3BEEE012E05E}.Debug|x64.Build.0 = Debug|x64
		{EE1FF52A-6533-4382-8234-3BEEE012E05E}.Debug|x86.ActiveCfg = Debug|Win32
		{EE1FF52A-6533-4382-8234-3BEEE012E05E}.Debug|x86.Build.0 = Debug|Win32
		{EE1FF52A-6533-4382-8234-3BEEE012E05E}.Release|x64.ActiveCfg = Release|x64
		{EE1FF52A-6533-4382-8234-3BEEE012E05E}.Release|x64.Build.0 = Release|x64
		{EE1FF52A-6533-4382-8234-3BEEE012E05E}.Release|x86.ActiveCfg = Release|Win32
		{EE1FF52A-6533-4382-8234-3BEEE012E05E}.Release|x86.Build.0 = Release|Win32
		{438C9ADD-E6D4-4EEE-BE1A-CB4080096E39}.Debug|x64.ActiveCfg = Debug|x64
		{438C9ADD-E6D4-4EEE-BE1A-CB4080096E39}.Debug|x64.Build.0 = Debug|x64
		{438C9ADD-E6D4-4EEE-BE1A-CB4080096E39}.Debug|x86.ActiveCfg = Debug|Win32
		{438C9ADD-E6D4-4EEE-BE1A-CB4080096E39}.Debug|x86.Build.0 = Debug|Win32
		{438C9ADD-E6D4-4EEE-BE1A-CB4080096E39}.Release|x64.ActiveCfg = Release|x64
		{438C9ADD-E6D4-4EEE-BE1A-CB4080096E39}.Release|x64.Build.0 = Release|x64
		{438C9ADD-E6D4-4EEE-BE1A-CB4080096E39}.Release|x86.ActiveCfg = Release|Win32
		{438C9ADD-E6D4-4EEE-BE1A-CB4080096E39}.Release|x86.Build.0 = Release|Win32
		{DC7EC492-1338-45FF-BB02-ED3A0072E045}.Debug|x64.ActiveCfg = Debug|x64
		{DC7EC492-1338-45FF-BB02-ED3A0072E045}.Debug|x64.Build.0 = Debug|x64
		{DC7EC492-1338-45FF-BB02-ED3A0072E045}.Debug|x86.ActiveCfg = Debug|Win32
		{DC7EC492-1338-45FF-BB02-ED3A0072E045}.Debug|x86.Build.0 = Debug|Win32
		{DC7EC492-1338-45FF-BB02-ED3A0072E045}.Release|x64.ActiveCfg = Release|x64
		{DC7EC492-1338-45FF-BB02-ED3A0072E045}.Release|x64.Build.0 = Release|x64
		{DC7EC492-1338-45FF-BB02-ED3A0072E045}.Release|x86.ActiveCfg = Release|Win32
		{DC7EC492-1338-45FF-BB02-ED3A0072E045}.Release|x86.Build.0 = Release|Win32
		{729C8F57-1859-4188-9B2A-98E7A4AF4D13}.Debug|x64.ActiveCfg = Debug|x64
		{729C8F57-1859-4188-9B2A-98E7A4AF4D13}.Debug|x64.Build.0 = Debug|x64
		{729C8F57-1859-4188-9B2A-98E7A4AF4D13}.Debug|x86.ActiveCfg = Debug|Win32
		{729C8F57-1859-4188-9B2A-98E7A4AF4D13}.Debug|x86.Build.0 = Debug|Win32
		{729C8F57-1859-4188-9B2A-98E7A4AF4D13}.Release|x64.ActiveCfg = Release|x64
		{729C8F57-1859-4188-9B2A-98E7A4AF4D13}.Release|x64.Build.0 = Release|x64
		{729C8F57-1859-4188-9B2A-98E7A4AF4D13}.Release|x86.ActiveCfg = Release|Win32
		{729C8F57-1859-4188-9B2A-98E7A4AF4D13}.Release|x86.Build.0 = Release|Win32
		{7BF43943-92B4-4D16-8775-D21889D10176}.Debug|x64.ActiveCfg = Debug|x64
		{7BF43943-92B4-4D16-8775-D21889D10176}.Debug|x64.Build.0 = Debug|x64
		{7BF43943-92B4-4D16-8775-D21889D10176}.Debug|x86.ActiveCfg = Debug|Win32
		{7BF43943-92B4-4D16-8775-D21889D10176}.Debug|x86.Build.0 = Debug|Win32
		{7BF43943-92B4-4D16-8775-D21889D10176}.Release|x64.ActiveCfg = Release|x64
		{7BF43943-92B4-4D16-8775-D21889D10176}.Release|x64.Build.0 = Release|x64
		{7BF43943-92B4-4D16-8775-D21889D10176}.Release|x86.ActiveCfg = Release|Win32
		{7BF43943-92B4-4D16-8775-D21889D10176}.Release|x86.Build.0 = Release|Win32
		{D7F3B4CD-1379-41BB-B3C4-5865DFD63C65}.Debug|x64.ActiveCfg = Debug|x64
		{D7F3B4CD-1379-41BB-B3C4-5865DFD63C65}.Debug|x64.Build.0 = Debug|x64
		{D7F3B4CD-1379-41BB-B3C4-5865DFD63C65}.Debug|x86.ActiveCfg = Debug|Win32
		{D7F3B4CD-1379-41BB-B3C4-5865DFD63C65}.Debug|x86.Build.0 = Debug|Win32
		{D7F3B4CD-1379-41BB-B3C4-5865DFD63C65}.Release|x64.ActiveCfg = Release|x64
		{D7F3B4CD-1379-41BB-B3C4-5865DFD63C65}.Release|x64.Build.0 = Release|x64
		{D7F3B4CD-1379-41BB-B3C4-5865DFD63C65}.Release|x86.ActiveCfg = Release|Win32
		{D7F3B4CD-1379-41BB-B3C4-5865DFD63C65}.Release|x86.Build.0 = Release|Win32
		{8854444A-C4FA-4B82-94BA-18EE4862673A}.Debug|x64.ActiveCfg = Debug|x64
		{8854444A-C4FA-4B82-94BA-18EE4862673A}.Debug|x64.Build.0 = Debug|x64
		{8854444A-C4FA-4B82-94BA-18EE4862673A}.Debug|x86.ActiveCfg = Debug|Win32
		{8854444A-C4FA-4B82-94BA-18EE4862673A}.Debug|x86.Build.0 = Debug|Win32
		{8854444A-C4FA-4B82-94BA-18EE4862673A}.Release|x64.ActiveCfg = Release|x64
		{8854444A-C4FA-4B82-94BA-18EE4862673A}.Release|x64.Build.0 = Release|x64
		{8854444A-C4FA-4B82-94BA-18EE4862673A}.Release|x86.ActiveCfg = Release|Win32
		{8854444A-C4FA-4B82-94BA-18EE4862673A}.Release|x86.Build.0 = Release|Win32
		{340832BA-8F69-4C24-B753-0A76C2798691}.Debug|x64.ActiveCfg = Debug|x64
		{340832BA-8F69-4C24-B753-0A76C2798691}.Debug|x64.Build.0 = Debug|x64
		{340832BA-8F69-4C24-B753-0A76C2798691}.Debug|x86.ActiveCfg = Debug|Win32
		{340832BA-8F69-4C24-B753-0A76C2798691}.Debug|x86.Build.0 = Debug|Win32
		{340832BA-8F69-4C24-B753-0A76C2798691}.Release|x64.ActiveCfg = Release|x64
		{340832BA-8F69-4C24-B753-0A76C2798691}.Release|x64.Build.0 = Release|x64
		{340832BA-8F69-4C24-B753-0A76C2798691}.Release|x86.ActiveCfg = Release|Win32
		{340832BA-8F69-4C24-B753-0A76C2798691}.Release|x86.Build.0 = Release|Win32
		{E3AFA2F0-1A39-4A5A-9525-FDFA445A2F94}.Debug|x64.ActiveCfg = Debug|x64
		{E3AFA2F0-1A39-4A5A-9525-FDFA445A2F94}.Debug|x64.Build.0 = Debug|x64
		{E3AFA2F0-1A39-4A5A-9525-FDFA445A2F94}.Debug|x86.ActiveCfg = Debug|Win32
		{E3AFA2F0-1A39-4A5A-9525-FDFA445A2F94}.Debug|x86.Build.0 = Debug|Win32
		{E3AFA2F0-1A39-4A5A-9525-FDFA445A2F94}.Release|x64.ActiveCfg = Release|x64
		{E3AFA2F0-1A39-4A5A-9525-FDFA445A2F94}.Release|x64.Build.0 = Release|x64
		{E3AFA2F0-1A39-4A5A-9525-FDFA445A2F94}.Release|x86.ActiveCfg = Release|Win32
		{E3AFA2F0-1A39-4A5A-9525-FDFA445A2F94}.Release|x86.Build.0 = Release|Win32
	EndGlobalSection
	GlobalSection(SolutionProperties) = preSolution
		HideSolutionNode = FALSE
	EndGlobalSection
	GlobalSection(ExtensibilityGlobals) = postSolution
		SolutionGuid = {AF583E34-818C-4168-83ED-890A0D2EFA33}
	EndGlobalSection
EndGlobal
